{
  "name": "moonbit-jsonlogic-queryx-fixtures",
  "lockfileVersion": 3,
  "requires": true,
  "packages": {
    "": {
      "name": "moonbit-jsonlogic-queryx-fixtures",
      "dependencies": {
        "@react-querybuilder/core": "8.24.3"
      }
    },
    "node_modules/@react-querybuilder/core": {
      "version": "8.24.3",
      "resolved": "https://registry.npmjs.org/@react-querybuilder/core/-/core-8.24.3.tgz",
      "integrity": "sha512-vfalO3oj6XCFhCXx/1KoiIdyZJiTJFGThO05CiigevhMc/9c7f9e+jY7gkaPUpfy1sBkk6Ag5zgog+4JuDTmBg==",
      "license": "MIT",
      "dependencies": {
        "@ts-jison/lexer": "0.4.1-alpha.4",
        "@ts-jison/parser": "0.4.1-alpha.4",
        "@types/json-logic-js": ">=2",
        "immer": "^11.1.18",
        "numeric-quantity": "^3.3.3"
      },
      "peerDependencies": {
        "@tanstack/db": ">=0.6.9",
        "@traqula/parser-sparql-1-2": ">=0.1.0",
        "chevrotain": ">=11",
        "drizzle-orm": ">=0.38.0",
        "json-logic-js": ">=2",
        "jsonata": ">=2",
        "sequelize": ">=6",
        "spel2js": ">=0.2.0"
      },
      "peerDependenciesMeta": {
        "@tanstack/db": {
          "optional": true
        },
        "@traqula/parser-sparql-1-2": {
          "optional": true
        },
        "chevrotain": {
          "optional": true
        },
        "drizzle-orm": {
          "optional": true
        },
        "json-logic-js": {
          "optional": true
        },
        "jsonata": {
          "optional": true
        },
        "sequelize": {
          "optional": true
        },
        "spel2js": {
          "optional": true
        }
      }
    },
    "node_modules/@ts-jison/common": {
      "version": "0.4.1-alpha.4",
      "resolved": "https://registry.npmjs.org/@ts-jison/common/-/common-0.4.1-alpha.4.tgz",
      "integrity": "sha512-3P2x2i/sIh8mVeAY+lu9/NqpuLm4V+McGPce3k/1Zf5pw6fQPa/ideqNu5A5331UEEdMYlQFpP8fJDdAytY/9g==",
      "license": "MIT"
    },
    "node_modules/@ts-jison/lexer": {
      "version": "0.4.1-alpha.4",
      "resolved": "https://registry.npmjs.org/@ts-jison/lexer/-/lexer-0.4.1-alpha.4.tgz",
      "integrity": "sha512-OkmxoZJIAmU6wTQfEeqey+4C62cehwfhV9gx4Hbge2dhdNtZkUbNkrYyuSdUbsIx3E4w6bwVOp+8kQAFblpVrQ==",
      "license": "MIT",
      "dependencies": {
        "@ts-jison/common": "^0.4.1-alpha.4"
      }
    },
    "node_modules/@ts-jison/parser": {
      "version": "0.4.1-alpha.4",
      "resolved": "https://registry.npmjs.org/@ts-jison/parser/-/parser-0.4.1-alpha.4.tgz",
      "integrity": "sha512-GD+AGlG/Nc7zF/rLtsM695G7Pff6UFBLYuMRC4KD4K9pDGGNMKjCE0/+XGh/1lyo89eb9bLcN7pezRk/JENmPw==",
      "license": "MIT",
      "dependencies": {
        "@ts-jison/common": "^0.4.1-alpha.4",
        "@ts-jison/lexer": "^0.4.1-alpha.4"
      }
    },
    "node_modules/@types/json-logic-js": {
      "version": "2.0.8",
      "resolved": "https://registry.npmjs.org/@types/json-logic-js/-/json-logic-js-2.0.8.tgz",
      "integrity": "sha512-WgNsDPuTPKYXl0Jh0IfoCoJoAGGYZt5qzpmjuLSEg7r0cKp/kWtWp0HAsVepyPSPyXiHo6uXp/B/kW/2J1fa2Q==",
      "license": "MIT"
    },
    "node_modules/immer": {
      "version": "11.1.18",
      "resolved": "https://registry.npmjs.org/immer/-/immer-11.1.18.tgz",
      "integrity": "sha512-EQyQtLiYW029lyoczMl/Hh4Xu7cDecSc58JRYpHyL4tIAu3eqd1yJzQX04d2BZHDkzFFvm6qJEJWOtfDSWAXbQ==",
      "license": "MIT",
      "funding": {
        "type": "opencollective",
        "url": "https://opencollective.com/immer"
      }
    },
    "node_modules/numeric-quantity": {
      "version": "3.3.3",
      "resolved": "https://registry.npmjs.org/numeric-quantity/-/numeric-quantity-3.3.3.tgz",
      "integrity": "sha512-XICjnIs8Q8vUlOvVOFI8Xe3kte8fknfpzASHjwy4R2GtRm4Q5lI+d62JqFe54X4kqj/xdsucWxYe8G+OD9O8Uw==",
      "license": "MIT",
      "engines": {
        "node": ">=16"
      }
    }
  }
}
